
Microsoft Visual Studio Solution File, Format Version 11.00
# Visual Studio 2010
Project("{FAE04EC0-301F-11D3-BF4B-00C04F79EFBC}") = "Assembly-CSharp", "Assembly-CSharp.csproj", "{5E5277B0-F09E-DBC8-8127-1DC1B9E2828B}"
EndProject
Global
	GlobalSection(SolutionConfigurationPlatforms) = preSolution
		Debug|Any CPU = Debug|Any CPU
		Release|Any CPU = Release|Any CPU
	EndGlobalSection
	GlobalSection(ProjectConfigurationPlatforms) = postSolution
		{5E5277B0-F09E-DBC8-8127-1DC1B9E2828B}.Debug|Any CPU.ActiveCfg = Debug|Any CPU
		{5E5277B0-F09E-DBC8-8127-1DC1B9E2828B}.Debug|Any CPU.Build.0 = Debug|Any CPU
		{5E5277B0-F09E-DBC8-8127-1DC1B9E2828B}.Release|Any CPU.ActiveCfg = Release|Any CPU
		{5E5277B0-F09E-DBC8-8127-1DC1B9E2828B}.Release|Any CPU.Build.0 = Release|Any CPU
	EndGlobalSection
	GlobalSection(SolutionProperties) = preSolution
		HideSolutionNode = FALSE
	EndGlobalSection
	GlobalSection(MonoDevelopProperties) = preSolution
		StartupItem = Assembly-CSharp.csproj
	EndGlobalSection
EndGlobal
